Microsoft Visual Studio Solution File, Format Version 12.00
# Visual Studio Version 17
VisualStudioVersion = 17.5.2.0
MinimumVisualStudioVersion = 10.0.40219.1
Project("{FAE04EC0-301F-11D3-BF4B-00C04F79EFBC}") = "AGV", "AGV.csproj", "{E843AF1A-0038-84A6-B4D6-03721D30206D}"
EndProject
Global
	GlobalSection(SolutionConfigurationPlatforms) = preSolution
		Debug|Any CPU = Debug|Any CPU
		Release|Any CPU = Release|Any CPU
	EndGlobalSection
	GlobalSection(ProjectConfigurationPlatforms) = postSolution
		{E843AF1A-0038-84A6-B4D6-03721D30206D}.Debug|Any CPU.ActiveCfg = Debug|Any CPU
		{E843AF1A-0038-84A6-B4D6-03721D30206D}.Debug|Any CPU.Build.0 = Debug|Any CPU
		{E843AF1A-0038-84A6-B4D6-03721D30206D}.Release|Any CPU.ActiveCfg = Release|Any CPU
		{E843AF1A-0038-84A6-B4D6-03721D30206D}.Release|Any CPU.Build.0 = Release|Any CPU
	EndGlobalSection
	GlobalSection(SolutionProperties) = preSolution
		HideSolutionNode = FALSE
	EndGlobalSection
	GlobalSection(ExtensibilityGlobals) = postSolution
		SolutionGuid = {02B644E2-D6D4-4193-9FBA-57289E816916}
	EndGlobalSection
EndGlobal
