
Microsoft Visual Studio Solution File, Format Version 12.00
# Visual Studio Version 18
VisualStudioVersion = 18.5.11709.299 stable
MinimumVisualStudioVersion = 10.0.40219.1
Project("{FAE04EC0-301F-11D3-BF4B-00C04F79EFBC}") = "Core", "Core\Core.csproj", "{A6F6DE22-3419-490F-89E5-4CE46FF9E1C1}"
EndProject
Project("{FAE04EC0-301F-11D3-BF4B-00C04F79EFBC}") = "Common", "Common\Common.csproj", "{DEA24EB6-C7EE-4759-BB07-67D662707C1B}"
EndProject
Project("{FAE04EC0-301F-11D3-BF4B-00C04F79EFBC}") = "Example", "Test\Example.csproj", "{C2916F27-A6D7-4551-9F83-04F52496A41F}"
EndProject
Project("{FAE04EC0-301F-11D3-BF4B-00C04F79EFBC}") = "Warehouse", "Warehouse\Warehouse.csproj", "{15DF6FB1-B056-485D-BFF8-D72FC77F976C}"
EndProject
Global
	GlobalSection(SolutionConfigurationPlatforms) = preSolution
		Debug|Any CPU = Debug|Any CPU
		Release|Any CPU = Release|Any CPU
	EndGlobalSection
	GlobalSection(ProjectConfigurationPlatforms) = postSolution
		{A6F6DE22-3419-490F-89E5-4CE46FF9E1C1}.Debug|Any CPU.ActiveCfg = Debug|Any CPU
		{A6F6DE22-3419-490F-89E5-4CE46FF9E1C1}.Debug|Any CPU.Build.0 = Debug|Any CPU
		{A6F6DE22-3419-490F-89E5-4CE46FF9E1C1}.Release|Any CPU.ActiveCfg = Release|Any CPU
		{A6F6DE22-3419-490F-89E5-4CE46FF9E1C1}.Release|Any CPU.Build.0 = Release|Any CPU
		{DEA24EB6-C7EE-4759-BB07-67D662707C1B}.Debug|Any CPU.ActiveCfg = Debug|Any CPU
		{DEA24EB6-C7EE-4759-BB07-67D662707C1B}.Debug|Any CPU.Build.0 = Debug|Any CPU
		{DEA24EB6-C7EE-4759-BB07-67D662707C1B}.Release|Any CPU.ActiveCfg = Release|Any CPU
		{DEA24EB6-C7EE-4759-BB07-67D662707C1B}.Release|Any CPU.Build.0 = Release|Any CPU
		{C2916F27-A6D7-4551-9F83-04F52496A41F}.Debug|Any CPU.ActiveCfg = Debug|Any CPU
		{C2916F27-A6D7-4551-9F83-04F52496A41F}.Debug|Any CPU.Build.0 = Debug|Any CPU
		{C2916F27-A6D7-4551-9F83-04F52496A41F}.Release|Any CPU.ActiveCfg = Release|Any CPU
		{C2916F27-A6D7-4551-9F83-04F52496A41F}.Release|Any CPU.Build.0 = Release|Any CPU
		{15DF6FB1-B056-485D-BFF8-D72FC77F976C}.Debug|Any CPU.ActiveCfg = Debug|Any CPU
		{15DF6FB1-B056-485D-BFF8-D72FC77F976C}.Debug|Any CPU.Build.0 = Debug|Any CPU
		{15DF6FB1-B056-485D-BFF8-D72FC77F976C}.Release|Any CPU.ActiveCfg = Release|Any CPU
		{15DF6FB1-B056-485D-BFF8-D72FC77F976C}.Release|Any CPU.Build.0 = Release|Any CPU
	EndGlobalSection
	GlobalSection(SolutionProperties) = preSolution
		HideSolutionNode = FALSE
	EndGlobalSection
	GlobalSection(ExtensibilityGlobals) = postSolution
		SolutionGuid = {C636CE7D-197F-4752-B730-3A4479E3964D}
	EndGlobalSection
EndGlobal
